
Microsoft Visual Studio Solution File, Format Version 12.00
# Visual Studio Version 17
VisualStudioVersion = 17.5.2.0
MinimumVisualStudioVersion = 10.0.40219.1
Project("{FAE04EC0-301F-11D3-BF4B-00C04F79EFBC}") = "FactoryMethod", "Creational\FactoryMethod\FactoryMethod.csproj", "{32384711-8DF5-D156-80F7-C0BCB7BAA58C}"
EndProject
Project("{2150E333-8FDC-42A3-9474-1A3956D46DE8}") = "Creational", "Creational", "{EFA5332A-48E0-4ED5-85DD-1436A0FE8A6E}"
EndProject
Project("{FAE04EC0-301F-11D3-BF4B-00C04F79EFBC}") = "AbstractFactory", "Creational\AbstractFactory\AbstractFactory.csproj", "{4627EDF5-D2C7-4415-83C9-82E0F4F1C9C8}"
EndProject
Project("{FAE04EC0-301F-11D3-BF4B-00C04F79EFBC}") = "Builder", "Creational\Builder\Builder.csproj", "{4323CEC2-E563-48F1-835E-FDCD2DFAC60B}"
EndProject
Project("{FAE04EC0-301F-11D3-BF4B-00C04F79EFBC}") = "Prototype", "Creational\Prototype\Prototype.csproj", "{209EC26E-8D89-4196-B696-57581B17CC51}"
EndProject
Project("{FAE04EC0-301F-11D3-BF4B-00C04F79EFBC}") = "Singleton", "Creational\Singleton\Singleton.csproj", "{C2CEB3B7-369E-4D58-A80B-9AE28C1C0D33}"
EndProject
Project("{2150E333-8FDC-42A3-9474-1A3956D46DE8}") = "Structural", "Structural", "{1A31F076-9D5D-4B33-83E4-CB2D9E531334}"
EndProject
Project("{FAE04EC0-301F-11D3-BF4B-00C04F79EFBC}") = "Adapter", "Structural\Adapter\Adapter.csproj", "{19C94219-B101-4146-AE84-99DE72050FDC}"
EndProject
Project("{FAE04EC0-301F-11D3-BF4B-00C04F79EFBC}") = "Bridge", "Structural\Bridge\Bridge.csproj", "{CB16B137-4F99-4A72-9A91-2631AF59BF14}"
EndProject
Project("{2150E333-8FDC-42A3-9474-1A3956D46DE8}") = "SOLID_Principles", "SOLID_Principles", "{F09E123C-0EC6-4874-8C63-64828DDC07BC}"
EndProject
Project("{FAE04EC0-301F-11D3-BF4B-00C04F79EFBC}") = "Single_Responsibility", "Single_Responsibility\Single_Responsibility.csproj", "{C91F455C-87FF-4E42-A16E-53ADE8F79883}"
EndProject
Global
	GlobalSection(SolutionConfigurationPlatforms) = preSolution
		Debug|Any CPU = Debug|Any CPU
		Release|Any CPU = Release|Any CPU
	EndGlobalSection
	GlobalSection(ProjectConfigurationPlatforms) = postSolution
		{32384711-8DF5-D156-80F7-C0BCB7BAA58C}.Debug|Any CPU.ActiveCfg = Debug|Any CPU
		{32384711-8DF5-D156-80F7-C0BCB7BAA58C}.Debug|Any CPU.Build.0 = Debug|Any CPU
		{32384711-8DF5-D156-80F7-C0BCB7BAA58C}.Release|Any CPU.ActiveCfg = Release|Any CPU
		{32384711-8DF5-D156-80F7-C0BCB7BAA58C}.Release|Any CPU.Build.0 = Release|Any CPU
		{4627EDF5-D2C7-4415-83C9-82E0F4F1C9C8}.Debug|Any CPU.ActiveCfg = Debug|Any CPU
		{4627EDF5-D2C7-4415-83C9-82E0F4F1C9C8}.Debug|Any CPU.Build.0 = Debug|Any CPU
		{4627EDF5-D2C7-4415-83C9-82E0F4F1C9C8}.Release|Any CPU.ActiveCfg = Release|Any CPU
		{4627EDF5-D2C7-4415-83C9-82E0F4F1C9C8}.Release|Any CPU.Build.0 = Release|Any CPU
		{4323CEC2-E563-48F1-835E-FDCD2DFAC60B}.Debug|Any CPU.ActiveCfg = Debug|Any CPU
		{4323CEC2-E563-48F1-835E-FDCD2DFAC60B}.Debug|Any CPU.Build.0 = Debug|Any CPU
		{4323CEC2-E563-48F1-835E-FDCD2DFAC60B}.Release|Any CPU.ActiveCfg = Release|Any CPU
		{4323CEC2-E563-48F1-835E-FDCD2DFAC60B}.Release|Any CPU.Build.0 = Release|Any CPU
		{209EC26E-8D89-4196-B696-57581B17CC51}.Debug|Any CPU.ActiveCfg = Debug|Any CPU
		{209EC26E-8D89-4196-B696-57581B17CC51}.Debug|Any CPU.Build.0 = Debug|Any CPU
		{209EC26E-8D89-4196-B696-57581B17CC51}.Release|Any CPU.ActiveCfg = Release|Any CPU
		{209EC26E-8D89-4196-B696-57581B17CC51}.Release|Any CPU.Build.0 = Release|Any CPU
		{C2CEB3B7-369E-4D58-A80B-9AE28C1C0D33}.Debug|Any CPU.ActiveCfg = Debug|Any CPU
		{C2CEB3B7-369E-4D58-A80B-9AE28C1C0D33}.Debug|Any CPU.Build.0 = Debug|Any CPU
		{C2CEB3B7-369E-4D58-A80B-9AE28C1C0D33}.Release|Any CPU.ActiveCfg = Release|Any CPU
		{C2CEB3B7-369E-4D58-A80B-9AE28C1C0D33}.Release|Any CPU.Build.0 = Release|Any CPU
		{19C94219-B101-4146-AE84-99DE72050FDC}.Debug|Any CPU.ActiveCfg = Debug|Any CPU
		{19C94219-B101-4146-AE84-99DE72050FDC}.Debug|Any CPU.Build.0 = Debug|Any CPU
		{19C94219-B101-4146-AE84-99DE72050FDC}.Release|Any CPU.ActiveCfg = Release|Any CPU
		{19C94219-B101-4146-AE84-99DE72050FDC}.Release|Any CPU.Build.0 = Release|Any CPU
		{CB16B137-4F99-4A72-9A91-2631AF59BF14}.Debug|Any CPU.ActiveCfg = Debug|Any CPU
		{CB16B137-4F99-4A72-9A91-2631AF59BF14}.Debug|Any CPU.Build.0 = Debug|Any CPU
		{CB16B137-4F99-4A72-9A91-2631AF59BF14}.Release|Any CPU.ActiveCfg = Release|Any CPU
		{CB16B137-4F99-4A72-9A91-2631AF59BF14}.Release|Any CPU.Build.0 = Release|Any CPU
		{C91F455C-87FF-4E42-A16E-53ADE8F79883}.Debug|Any CPU.ActiveCfg = Debug|Any CPU
		{C91F455C-87FF-4E42-A16E-53ADE8F79883}.Debug|Any CPU.Build.0 = Debug|Any CPU
		{C91F455C-87FF-4E42-A16E-53ADE8F79883}.Release|Any CPU.ActiveCfg = Release|Any CPU
		{C91F455C-87FF-4E42-A16E-53ADE8F79883}.Release|Any CPU.Build.0 = Release|Any CPU
	EndGlobalSection
	GlobalSection(SolutionProperties) = preSolution
		HideSolutionNode = FALSE
	EndGlobalSection
	GlobalSection(NestedProjects) = preSolution
		{32384711-8DF5-D156-80F7-C0BCB7BAA58C} = {EFA5332A-48E0-4ED5-85DD-1436A0FE8A6E}
		{4627EDF5-D2C7-4415-83C9-82E0F4F1C9C8} = {EFA5332A-48E0-4ED5-85DD-1436A0FE8A6E}
		{4323CEC2-E563-48F1-835E-FDCD2DFAC60B} = {EFA5332A-48E0-4ED5-85DD-1436A0FE8A6E}
		{209EC26E-8D89-4196-B696-57581B17CC51} = {EFA5332A-48E0-4ED5-85DD-1436A0FE8A6E}
		{C2CEB3B7-369E-4D58-A80B-9AE28C1C0D33} = {EFA5332A-48E0-4ED5-85DD-1436A0FE8A6E}
		{19C94219-B101-4146-AE84-99DE72050FDC} = {1A31F076-9D5D-4B33-83E4-CB2D9E531334}
		{CB16B137-4F99-4A72-9A91-2631AF59BF14} = {1A31F076-9D5D-4B33-83E4-CB2D9E531334}
		{C91F455C-87FF-4E42-A16E-53ADE8F79883} = {F09E123C-0EC6-4874-8C63-64828DDC07BC}
	EndGlobalSection
	GlobalSection(ExtensibilityGlobals) = postSolution
		SolutionGuid = {6ECD815E-5BB9-4BB6-9203-AF418DA727B8}
	EndGlobalSection
EndGlobal
